[[tools.act]]
version = "0.2.84"
backend = "asdf:act"

[[tools.bat-extras]]
version = "2024.08.24"
backend = "aqua:eth-p/bat-extras"
"platforms.linux-arm64" = { url = "https://github.com/eth-p/bat-extras/releases/download/v2024.08.24/bat-extras-2024.08.24.zip"}
"platforms.linux-x64" = { url = "https://github.com/eth-p/bat-extras/releases/download/v2024.08.24/bat-extras-2024.08.24.zip"}
"platforms.macos-arm64" = { url = "https://github.com/eth-p/bat-extras/releases/download/v2024.08.24/bat-extras-2024.08.24.zip"}
"platforms.macos-x64" = { url = "https://github.com/eth-p/bat-extras/releases/download/v2024.08.24/bat-extras-2024.08.24.zip"}

[[tools.chezmoi]]
version = "2.69.4"
backend = "asdf:chezmoi"

[[tools.delta]]
version = "0.18.2"
backend = "asdf:delta"

[[tools.deno]]
version = "2.6.9"
backend = "core:deno"
"platforms.linux-x64" = { checksum = "blake3:8e0b8cde512c80db41adbd3e0d16e08ca4c89b14a8f20bf1cd0b34020053f121"}

[[tools.difftastic]]
version = "0.67.0"
backend = "asdf:difftastic"

[[tools.direnv]]
version = "2.37.1"
backend = "asdf:direnv"

[[tools.docker-slim]]
version = "1.40.11"
backend = "asdf:docker-slim"

[[tools.eza]]
version = "0.23.4"
backend = "asdf:eza"

[[tools.fzf]]
version = "0.67.0"
backend = "asdf:fzf"

[[tools.github-cli]]
version = "2.86.0"
backend = "asdf:github-cli"

[[tools.go]]
version = "1.26.0"
backend = "core:go"
"platforms.linux-x64" = { checksum = "sha256:aac1b08a0fb0c4e0a7c1555beb7b59180b05dfc5a3d62e40e9de90cd42f88235", url = "https://dl.google.com/go/go1.26.0.linux-amd64.tar.gz"}

[[tools.grype]]
version = "0.108.0"
backend = "asdf:grype"

[[tools.kubectl]]
version = "1.35.1"
backend = "aqua:kubernetes/kubectl"
"platforms.linux-x64" = { checksum = "sha256:36e2f4ac66259232341dd7866952d64a958846470f6a9a6a813b9117bd965207", url = "https://dl.k8s.io/v1.35.1/bin/linux/amd64/kubectl"}

[[tools.lazygit]]
version = "0.56.0"
backend = "asdf:lazygit"

[[tools.lefthook]]
version = "2.1.1"
backend = "aqua:evilmartians/lefthook"
"platforms.linux-x64" = { checksum = "sha256:5d29942bb5954c59d67d8c37184411034e576ed2829e22b0a6d88bba934e4fbb", url = "https://github.com/evilmartians/lefthook/releases/download/v2.1.1/lefthook_2.1.1_Linux_x86_64.gz"}

[[tools.minikube]]
version = "1.38.0"
backend = "aqua:kubernetes/minikube"
"platforms.linux-arm64" = { checksum = "sha256:e40a00cd9d6ee5d529e3bbff0638d49df644cb3cc4b41841ca3fe7fc2970f392", url = "https://github.com/kubernetes/minikube/releases/download/v1.38.0/minikube-linux-arm64"}
"platforms.linux-x64" = { checksum = "sha256:6f3fa62bbc3820dbe1f1cffe4beef62c466a8fb1058837781d20d36233dcfa12", url = "https://github.com/kubernetes/minikube/releases/download/v1.38.0/minikube-linux-amd64"}
"platforms.macos-arm64" = { checksum = "sha256:51066c42a555f0e455da362901fcf0613f43b7dc58496ffe2a495230cf3f9e41", url = "https://github.com/kubernetes/minikube/releases/download/v1.38.0/minikube-darwin-arm64"}
"platforms.macos-x64" = { checksum = "sha256:e7eceb12047064c9e93eb37ad8ef93110527f39bd0eb01adb71cea77aec94089", url = "https://github.com/kubernetes/minikube/releases/download/v1.38.0/minikube-darwin-amd64"}
"platforms.windows-x64" = { checksum = "sha256:52bd096dec2eb407735b14302fbce59891ada55c8451935939f31303ef1bb394", url = "https://github.com/kubernetes/minikube/releases/download/v1.38.0/minikube-windows-amd64.exe"}

[[tools.neovim]]
version = "0.11.6"
backend = "asdf:neovim"

[[tools.ripgrep]]
version = "15.1.0"
backend = "asdf:ripgrep"

[[tools.stylua]]
version = "2.3.1"
backend = "aqua:JohnnyMorganz/StyLua"
"platforms.linux-arm64" = { checksum = "sha256:21908eec45ff9666d4ae72825b81faa7fc4119124ed656eb1d470cbf9ed41bc9", url = "https://github.com/JohnnyMorganz/StyLua/releases/download/v2.3.1/stylua-linux-aarch64.zip"}
"platforms.linux-x64" = { checksum = "sha256:1b3ca3f577e584e19a0ad2264a0ab87f4133818e35700a094416ca98251ffb4a", url = "https://github.com/JohnnyMorganz/StyLua/releases/download/v2.3.1/stylua-linux-x86_64-musl.zip"}
"platforms.macos-arm64" = { checksum = "sha256:e212e6c21e76c2b1d0f10f8dcf50ec3b5f03f02da7597e0679f539eb18ba0d53", url = "https://github.com/JohnnyMorganz/StyLua/releases/download/v2.3.1/stylua-macos-aarch64.zip"}
"platforms.macos-x64" = { checksum = "sha256:16f661951bfc984ea6e0157f9495c8192b91f9c2f3b27e6b46db95c315281e92", url = "https://github.com/JohnnyMorganz/StyLua/releases/download/v2.3.1/stylua-macos-x86_64.zip"}
"platforms.windows-x64" = { checksum = "sha256:70fc56d7361c20e858bd9c3b3b643e44dc2e2007b670c816ba7fb032956e3baa", url = "https://github.com/JohnnyMorganz/StyLua/releases/download/v2.3.1/stylua-windows-x86_64.zip"}

[[tools.usage]]
version = "2.16.2"
backend = "asdf:usage"

[[tools.yq]]
version = "4.52.2"
backend = "ubi:mikefarah/yq"
