# @generated - this file is auto-generated by `mise lock` https://mise.jdx.dev/dev-tools/mise-lock.html

[[tools.act]]
version = "0.2.84"
backend = "asdf:act"

[[tools.bat-extras]]
version = "2024.08.24"
backend = "aqua:eth-p/bat-extras"
"platforms.linux-arm64" = { url = "https://github.com/eth-p/bat-extras/releases/download/v2024.08.24/bat-extras-2024.08.24.zip"}
"platforms.linux-x64" = { url = "https://github.com/eth-p/bat-extras/releases/download/v2024.08.24/bat-extras-2024.08.24.zip"}
"platforms.macos-arm64" = { url = "https://github.com/eth-p/bat-extras/releases/download/v2024.08.24/bat-extras-2024.08.24.zip"}
"platforms.macos-x64" = { url = "https://github.com/eth-p/bat-extras/releases/download/v2024.08.24/bat-extras-2024.08.24.zip"}

[[tools.chezmoi]]
version = "2.69.4"
backend = "asdf:chezmoi"

[[tools.delta]]
version = "0.18.2"
backend = "asdf:delta"

[[tools.deno]]
version = "2.7.4"
backend = "core:deno"
"platforms.linux-arm64" = { checksum = "sha256:d2b99d1c072cab6ec8ececda1a1bd5889a9ea5217fafd9a9a9f5b0e56ef5e9cd", url = "https://dl.deno.land/release/v2.7.4/deno-aarch64-unknown-linux-gnu.zip"}
"platforms.linux-x64" = { checksum = "sha256:aef56590931e785af10bdab2077a2a01344b620c78b7086b88ebca73962ef25d", url = "https://dl.deno.land/release/v2.7.4/deno-x86_64-unknown-linux-gnu.zip"}
"platforms.macos-arm64" = { checksum = "sha256:65ccaf62b0e9ded08c02cb102d54c1c9f8249592218cb3cb038eb818a94cfbf8", url = "https://dl.deno.land/release/v2.7.4/deno-aarch64-apple-darwin.zip"}
"platforms.macos-x64" = { checksum = "sha256:a4b7bddeae8f2050b08e6228bce8368a1a08ea021f1c45f31976f39e3b1ee509", url = "https://dl.deno.land/release/v2.7.4/deno-x86_64-apple-darwin.zip"}
"platforms.windows-x64" = { checksum = "sha256:Algorithm", url = "https://dl.deno.land/release/v2.7.4/deno-x86_64-pc-windows-msvc.zip"}

[[tools.difftastic]]
version = "0.67.0"
backend = "asdf:difftastic"

[[tools.direnv]]
version = "2.37.1"
backend = "asdf:direnv"

[[tools.docker-slim]]
version = "1.40.11"
backend = "asdf:docker-slim"

[[tools.eza]]
version = "0.23.4"
backend = "asdf:eza"

[[tools.fzf]]
version = "0.70.0"
backend = "asdf:fzf"

[[tools.github-cli]]
version = "2.87.3"
backend = "asdf:github-cli"

[[tools.go]]
version = "1.26.1"
backend = "core:go"
"platforms.linux-arm64" = { checksum = "sha256:a290581cfe4fe28ddd737dde3095f3dbeb7f2e4065cab4eae44dfc53b760c2f7", url = "https://dl.google.com/go/go1.26.1.linux-arm64.tar.gz"}
"platforms.linux-x64" = { checksum = "sha256:031f088e5d955bab8657ede27ad4e3bc5b7c1ba281f05f245bcc304f327c987a", url = "https://dl.google.com/go/go1.26.1.linux-amd64.tar.gz"}
"platforms.macos-arm64" = { checksum = "sha256:353df43a7811ce284c8938b5f3c7df40b7bfb6f56cb165b150bc40b5e2dd541f", url = "https://dl.google.com/go/go1.26.1.darwin-arm64.tar.gz"}
"platforms.macos-x64" = { checksum = "sha256:65773dab2f8cc4cd23d93ba6d0a805de150ca0b78378879292be0b903b8cdd08", url = "https://dl.google.com/go/go1.26.1.darwin-amd64.tar.gz"}
"platforms.windows-x64" = { checksum = "sha256:9b68112c913f45b7aebbf13c036721264bbba7e03a642f8f7490c561eebd1ecc", url = "https://dl.google.com/go/go1.26.1.windows-amd64.zip"}

[[tools.grype]]
version = "0.109.0"
backend = "asdf:grype"

[[tools.kubectl]]
version = "1.35.2"
backend = "aqua:kubernetes/kubectl"
"platforms.linux-arm64" = { checksum = "sha256:cd859449f54ad2cb05b491c490c13bb836cdd0886ae013c0aed3dd67ff747467", url = "https://dl.k8s.io/v1.35.2/bin/linux/arm64/kubectl"}
"platforms.linux-x64" = { checksum = "sha256:924eb50779153f20cb668117d141440b95df2f325a64452d78dff9469145e277", url = "https://dl.k8s.io/v1.35.2/bin/linux/amd64/kubectl"}
"platforms.macos-arm64" = { checksum = "sha256:b0b59cdd7ba20ca20b85214943100e578dd50ddd85242fcddf277a87c2249706", url = "https://dl.k8s.io/v1.35.2/bin/darwin/arm64/kubectl"}
"platforms.macos-x64" = { checksum = "sha256:163955964d4ed9e66656eab45c0114f5c1110d1b430ace432b20ddc430023df5", url = "https://dl.k8s.io/v1.35.2/bin/darwin/amd64/kubectl"}
"platforms.windows-x64" = { checksum = "sha256:a6d02010aae330a3031afe7843747d5a18db59c9f0bca415e45fb24bbdccdd2c", url = "https://dl.k8s.io/v1.35.2/bin/windows/amd64/kubectl.exe"}

[[tools.lazygit]]
version = "0.56.0"
backend = "asdf:lazygit"

[[tools.lefthook]]
version = "2.1.3"
backend = "aqua:evilmartians/lefthook"
"platforms.linux-arm64" = { checksum = "sha256:13fe7bacf9794e625e02a2329c907168d34bdd368e69b8d569791fc0cf375155", url = "https://github.com/evilmartians/lefthook/releases/download/v2.1.3/lefthook_2.1.3_Linux_aarch64.gz"}
"platforms.linux-arm64-musl" = { checksum = "sha256:13fe7bacf9794e625e02a2329c907168d34bdd368e69b8d569791fc0cf375155", url = "https://github.com/evilmartians/lefthook/releases/download/v2.1.3/lefthook_2.1.3_Linux_aarch64.gz"}
"platforms.linux-x64" = { checksum = "sha256:5c3b9f78cbee27efbd4c6c64eba8966cc808cbe3636dce5acb14b410cc6f4ccb", url = "https://github.com/evilmartians/lefthook/releases/download/v2.1.3/lefthook_2.1.3_Linux_x86_64.gz"}
"platforms.linux-x64-musl" = { checksum = "sha256:5c3b9f78cbee27efbd4c6c64eba8966cc808cbe3636dce5acb14b410cc6f4ccb", url = "https://github.com/evilmartians/lefthook/releases/download/v2.1.3/lefthook_2.1.3_Linux_x86_64.gz"}
"platforms.macos-arm64" = { checksum = "sha256:14c4ba9c162d761e5a9e9778354d5bcef607dffbb3e82190265223c167a9219e", url = "https://github.com/evilmartians/lefthook/releases/download/v2.1.3/lefthook_2.1.3_MacOS_arm64.gz"}
"platforms.macos-x64" = { checksum = "sha256:9e88138119b06ffb8983a7d2e917e938b3d421f4451be72ea910188821a46d55", url = "https://github.com/evilmartians/lefthook/releases/download/v2.1.3/lefthook_2.1.3_MacOS_x86_64.gz"}
"platforms.windows-x64" = { checksum = "sha256:a7373ea9f2319f7ebf53aad024189e40765cc70a32b4ec31911b36a0faa1c558", url = "https://github.com/evilmartians/lefthook/releases/download/v2.1.3/lefthook_2.1.3_Windows_x86_64.gz"}

[[tools.minikube]]
version = "1.38.1"
backend = "aqua:kubernetes/minikube"
"platforms.linux-x64" = { checksum = "sha256:099477eaf248bcb5bcea8ce78a2898e93ac01461c35189da1848c3de82ecd22e", url = "https://github.com/kubernetes/minikube/releases/download/v1.38.1/minikube-linux-amd64"}

[[tools.neovim]]
version = "0.11.6"
backend = "asdf:neovim"

[[tools.ripgrep]]
version = "15.1.0"
backend = "asdf:ripgrep"

[[tools.stylua]]
version = "2.4.0"
backend = "aqua:JohnnyMorganz/StyLua"
"platforms.linux-arm64" = { checksum = "sha256:67bbd6ad4d864ab375babdd125ed926183968f5b6e55d7e0a6f9f425511a5408", url = "https://github.com/JohnnyMorganz/StyLua/releases/download/v2.4.0/stylua-linux-aarch64.zip"}
"platforms.linux-arm64-musl" = { checksum = "sha256:67bbd6ad4d864ab375babdd125ed926183968f5b6e55d7e0a6f9f425511a5408", url = "https://github.com/JohnnyMorganz/StyLua/releases/download/v2.4.0/stylua-linux-aarch64.zip"}
"platforms.linux-x64" = { checksum = "sha256:b71f09c26ee59bf4d5dcacdd8c9a1bed64481f0bbf9fd5d5f37e83c4e7b684f4", url = "https://github.com/JohnnyMorganz/StyLua/releases/download/v2.4.0/stylua-linux-x86_64-musl.zip"}
"platforms.linux-x64-musl" = { checksum = "sha256:b71f09c26ee59bf4d5dcacdd8c9a1bed64481f0bbf9fd5d5f37e83c4e7b684f4", url = "https://github.com/JohnnyMorganz/StyLua/releases/download/v2.4.0/stylua-linux-x86_64-musl.zip"}
"platforms.macos-arm64" = { checksum = "sha256:ec74ecdc30ec15aefa15f65cc55d6f10f91f97dd30c39c4347954af849e3f248", url = "https://github.com/JohnnyMorganz/StyLua/releases/download/v2.4.0/stylua-macos-aarch64.zip"}
"platforms.macos-x64" = { checksum = "sha256:bf2ce0a1431c39800cf19068ac50deec5c79e5fa99900cc99159de9c1af80254", url = "https://github.com/JohnnyMorganz/StyLua/releases/download/v2.4.0/stylua-macos-x86_64.zip"}
"platforms.windows-x64" = { checksum = "sha256:3803853280cb524560c6ce0d4140f6d9f02e03f55e1ce50bb4f5e51e07565794", url = "https://github.com/JohnnyMorganz/StyLua/releases/download/v2.4.0/stylua-windows-x86_64.zip"}

[[tools.usage]]
version = "2.18.2"
backend = "asdf:usage"

[[tools.yq]]
version = "4.52.4"
backend = "ubi:mikefarah/yq"
