# @generated - this file is auto-generated by `mise lock` https://mise.jdx.dev/dev-tools/mise-lock.html

[[tools."aqua:BurntSushi/ripgrep"]]
version = "15.1.0"
backend = "aqua:BurntSushi/ripgrep"

[tools."aqua:BurntSushi/ripgrep"."platforms.linux-arm64"]
checksum = "sha256:2b661c6ef508e902f388e9098d9c4c5aca72c87b55922d94abdba830b4dc885e"
url = "https://github.com/BurntSushi/ripgrep/releases/download/15.1.0/ripgrep-15.1.0-aarch64-unknown-linux-gnu.tar.gz"

[tools."aqua:BurntSushi/ripgrep"."platforms.linux-arm64-musl"]
checksum = "sha256:2b661c6ef508e902f388e9098d9c4c5aca72c87b55922d94abdba830b4dc885e"
url = "https://github.com/BurntSushi/ripgrep/releases/download/15.1.0/ripgrep-15.1.0-aarch64-unknown-linux-gnu.tar.gz"

[tools."aqua:BurntSushi/ripgrep"."platforms.linux-x64"]
checksum = "sha256:1c9297be4a084eea7ecaedf93eb03d058d6faae29bbc57ecdaf5063921491599"
url = "https://github.com/BurntSushi/ripgrep/releases/download/15.1.0/ripgrep-15.1.0-x86_64-unknown-linux-musl.tar.gz"

[tools."aqua:BurntSushi/ripgrep"."platforms.linux-x64-musl"]
checksum = "sha256:1c9297be4a084eea7ecaedf93eb03d058d6faae29bbc57ecdaf5063921491599"
url = "https://github.com/BurntSushi/ripgrep/releases/download/15.1.0/ripgrep-15.1.0-x86_64-unknown-linux-musl.tar.gz"

[tools."aqua:BurntSushi/ripgrep"."platforms.macos-arm64"]
checksum = "sha256:378e973289176ca0c6054054ee7f631a065874a352bf43f0fa60ef079b6ba715"
url = "https://github.com/BurntSushi/ripgrep/releases/download/15.1.0/ripgrep-15.1.0-aarch64-apple-darwin.tar.gz"

[tools."aqua:BurntSushi/ripgrep"."platforms.macos-x64"]
checksum = "sha256:64811cb24e77cac3057d6c40b63ac9becf9082eedd54ca411b475b755d334882"
url = "https://github.com/BurntSushi/ripgrep/releases/download/15.1.0/ripgrep-15.1.0-x86_64-apple-darwin.tar.gz"

[tools."aqua:BurntSushi/ripgrep"."platforms.windows-x64"]
checksum = "sha256:124510b94b6baa3380d051fdf4650eaa80a302c876d611e9dba0b2e18d87493a"
url = "https://github.com/BurntSushi/ripgrep/releases/download/15.1.0/ripgrep-15.1.0-x86_64-pc-windows-msvc.zip"

[[tools."aqua:LuaLS/lua-language-server"]]
version = "3.18.1"
backend = "aqua:LuaLS/lua-language-server"

[tools."aqua:LuaLS/lua-language-server"."platforms.linux-arm64"]
checksum = "sha256:7ee5d247c7e4eb61afcdc714760eeb2a1e8b31941d686d438cc1e28f76228c5e"
url = "https://github.com/LuaLS/lua-language-server/releases/download/3.18.1/lua-language-server-3.18.1-linux-arm64.tar.gz"

[tools."aqua:LuaLS/lua-language-server"."platforms.linux-arm64-musl"]
checksum = "sha256:7ee5d247c7e4eb61afcdc714760eeb2a1e8b31941d686d438cc1e28f76228c5e"
url = "https://github.com/LuaLS/lua-language-server/releases/download/3.18.1/lua-language-server-3.18.1-linux-arm64.tar.gz"

[tools."aqua:LuaLS/lua-language-server"."platforms.linux-x64"]
checksum = "sha256:0c4a8a2b085df2e5cb56f075867eebe643c09d6fd3d998c70f9c3b7ab93f29dd"
url = "https://github.com/LuaLS/lua-language-server/releases/download/3.18.1/lua-language-server-3.18.1-linux-x64.tar.gz"

[tools."aqua:LuaLS/lua-language-server"."platforms.linux-x64-musl"]
checksum = "sha256:0c4a8a2b085df2e5cb56f075867eebe643c09d6fd3d998c70f9c3b7ab93f29dd"
url = "https://github.com/LuaLS/lua-language-server/releases/download/3.18.1/lua-language-server-3.18.1-linux-x64.tar.gz"

[tools."aqua:LuaLS/lua-language-server"."platforms.macos-arm64"]
checksum = "sha256:ed4f00e24e07a142886460786dced32a682c2d2bce3e0d1eabeb3c27443d2adc"
url = "https://github.com/LuaLS/lua-language-server/releases/download/3.18.1/lua-language-server-3.18.1-darwin-arm64.tar.gz"

[tools."aqua:LuaLS/lua-language-server"."platforms.macos-x64"]
checksum = "sha256:2d253439f6d3765e66ede9c643eca3577b8db7bc931560388a05a6de92f5c259"
url = "https://github.com/LuaLS/lua-language-server/releases/download/3.18.1/lua-language-server-3.18.1-darwin-x64.tar.gz"

[tools."aqua:LuaLS/lua-language-server"."platforms.windows-x64"]
checksum = "sha256:0b0c4ac671629269b847e13239b70ac7271a562e0253c789f590c8a8985addea"
url = "https://github.com/LuaLS/lua-language-server/releases/download/3.18.1/lua-language-server-3.18.1-win32-x64.zip"

[[tools."aqua:Wilfred/difftastic"]]
version = "0.68.0"
backend = "aqua:Wilfred/difftastic"

[tools."aqua:Wilfred/difftastic"."platforms.linux-arm64"]
checksum = "sha256:faadfb3a88c194033449092fad3a86f1179738a0b3bfc44580c83473bdb17451"
url = "https://github.com/Wilfred/difftastic/releases/download/0.68.0/difft-aarch64-unknown-linux-gnu.tar.gz"

[tools."aqua:Wilfred/difftastic"."platforms.linux-arm64-musl"]
checksum = "sha256:faadfb3a88c194033449092fad3a86f1179738a0b3bfc44580c83473bdb17451"
url = "https://github.com/Wilfred/difftastic/releases/download/0.68.0/difft-aarch64-unknown-linux-gnu.tar.gz"

[tools."aqua:Wilfred/difftastic"."platforms.linux-x64"]
checksum = "sha256:c242d19dd36deca88da9792ab81781babc309c4f3e9ccc8ce8b3a175b52e7b16"
url = "https://github.com/Wilfred/difftastic/releases/download/0.68.0/difft-x86_64-unknown-linux-musl.tar.gz"

[tools."aqua:Wilfred/difftastic"."platforms.linux-x64-musl"]
checksum = "sha256:c242d19dd36deca88da9792ab81781babc309c4f3e9ccc8ce8b3a175b52e7b16"
url = "https://github.com/Wilfred/difftastic/releases/download/0.68.0/difft-x86_64-unknown-linux-musl.tar.gz"

[tools."aqua:Wilfred/difftastic"."platforms.macos-arm64"]
checksum = "sha256:35df7904af1c1aec9570f08e1a7825301ee317f3131b6b4edbf3f6d8d209cd8c"
url = "https://github.com/Wilfred/difftastic/releases/download/0.68.0/difft-aarch64-apple-darwin.tar.gz"

[tools."aqua:Wilfred/difftastic"."platforms.macos-x64"]
checksum = "sha256:9c727343fd0fc0504cb004b6619358e5446324e09562fb8e39d66bc82e680070"
url = "https://github.com/Wilfred/difftastic/releases/download/0.68.0/difft-x86_64-apple-darwin.tar.gz"

[tools."aqua:Wilfred/difftastic"."platforms.windows-x64"]
checksum = "sha256:a87429ebc75343c9731debfd083b954bbd1e87011f962078b9ade92e33440348"
url = "https://github.com/Wilfred/difftastic/releases/download/0.68.0/difft-x86_64-pc-windows-msvc.zip"

[[tools."aqua:anchore/grype"]]
version = "0.110.0"
backend = "aqua:anchore/grype"

[tools."aqua:anchore/grype"."platforms.linux-arm64"]
checksum = "sha256:804041ee69f119022e3e866741a558eae6f2df372a5dc1a5376d456d16f8c931"
url = "https://github.com/anchore/grype/releases/download/v0.110.0/grype_0.110.0_linux_arm64.tar.gz"

[tools."aqua:anchore/grype"."platforms.linux-arm64-musl"]
checksum = "sha256:804041ee69f119022e3e866741a558eae6f2df372a5dc1a5376d456d16f8c931"
url = "https://github.com/anchore/grype/releases/download/v0.110.0/grype_0.110.0_linux_arm64.tar.gz"

[tools."aqua:anchore/grype"."platforms.linux-x64"]
checksum = "sha256:aaa98d27d2d7efd9317c6a1ad6d9b15f3e65bab320e7d03bde41e251387bb71c"
url = "https://github.com/anchore/grype/releases/download/v0.110.0/grype_0.110.0_linux_amd64.tar.gz"

[tools."aqua:anchore/grype"."platforms.linux-x64-musl"]
checksum = "sha256:aaa98d27d2d7efd9317c6a1ad6d9b15f3e65bab320e7d03bde41e251387bb71c"
url = "https://github.com/anchore/grype/releases/download/v0.110.0/grype_0.110.0_linux_amd64.tar.gz"

[tools."aqua:anchore/grype"."platforms.macos-arm64"]
checksum = "sha256:9aff01bfcb4510a1b803ef59375b43cd80764fa49aed71f9a3da81c417037411"
url = "https://github.com/anchore/grype/releases/download/v0.110.0/grype_0.110.0_darwin_arm64.tar.gz"

[tools."aqua:anchore/grype"."platforms.macos-x64"]
checksum = "sha256:61e767381c395b2fac9ed6016f45de39107761df75f094fc3d9b7822809d07df"
url = "https://github.com/anchore/grype/releases/download/v0.110.0/grype_0.110.0_darwin_amd64.tar.gz"

[tools."aqua:anchore/grype"."platforms.windows-x64"]
checksum = "sha256:894154ff277c02ed39c58bd0f6a5f1e3013222e35293698ee9b8b7b60fca32e1"
url = "https://github.com/anchore/grype/releases/download/v0.110.0/grype_0.110.0_windows_amd64.zip"

[[tools."aqua:anchore/grype"]]
version = "0.111.0"
backend = "aqua:anchore/grype"

[tools."aqua:anchore/grype"."platforms.linux-arm64"]
checksum = "sha256:1a8b9bd691ce274e44056e7572cdf8c6970bdf9ec694001f7b4b17962b121b43"
url = "https://github.com/anchore/grype/releases/download/v0.111.0/grype_0.111.0_linux_arm64.tar.gz"

[tools."aqua:anchore/grype"."platforms.linux-arm64-musl"]
checksum = "sha256:1a8b9bd691ce274e44056e7572cdf8c6970bdf9ec694001f7b4b17962b121b43"
url = "https://github.com/anchore/grype/releases/download/v0.111.0/grype_0.111.0_linux_arm64.tar.gz"

[tools."aqua:anchore/grype"."platforms.linux-x64"]
checksum = "sha256:18ed2048d7a233566b681121d4632364f5f25d72cca86acc4c7ac57210d78a87"
url = "https://github.com/anchore/grype/releases/download/v0.111.0/grype_0.111.0_linux_amd64.tar.gz"

[tools."aqua:anchore/grype"."platforms.linux-x64-musl"]
checksum = "sha256:18ed2048d7a233566b681121d4632364f5f25d72cca86acc4c7ac57210d78a87"
url = "https://github.com/anchore/grype/releases/download/v0.111.0/grype_0.111.0_linux_amd64.tar.gz"

[tools."aqua:anchore/grype"."platforms.macos-arm64"]
checksum = "sha256:62d005a1e36ac7ec0b7be801ebc8eab0053fd831a227e1dc8ea9c356d38fa361"
url = "https://github.com/anchore/grype/releases/download/v0.111.0/grype_0.111.0_darwin_arm64.tar.gz"

[tools."aqua:anchore/grype"."platforms.macos-x64"]
checksum = "sha256:8fefd00f6ddd6407275be31b228089820e91c7a8cd2d046e877601773ac5062f"
url = "https://github.com/anchore/grype/releases/download/v0.111.0/grype_0.111.0_darwin_amd64.tar.gz"

[tools."aqua:anchore/grype"."platforms.windows-x64"]
checksum = "sha256:17f3bfb758b3c18426a89060344d9569f4344b0a606d42b60bd89792f996e3bd"
url = "https://github.com/anchore/grype/releases/download/v0.111.0/grype_0.111.0_windows_amd64.zip"

[[tools."aqua:cli/cli"]]
version = "2.89.0"
backend = "aqua:cli/cli"

[tools."aqua:cli/cli"."platforms.linux-arm64"]
checksum = "sha256:9e64a623dfc242990aa5d9b3f507111149c4282f66b68eaad1dc79eeb13b9ce5"
url = "https://github.com/cli/cli/releases/download/v2.89.0/gh_2.89.0_linux_arm64.tar.gz"
provenance = "github-attestations"

[tools."aqua:cli/cli"."platforms.linux-arm64-musl"]
checksum = "sha256:9e64a623dfc242990aa5d9b3f507111149c4282f66b68eaad1dc79eeb13b9ce5"
url = "https://github.com/cli/cli/releases/download/v2.89.0/gh_2.89.0_linux_arm64.tar.gz"
provenance = "github-attestations"

[tools."aqua:cli/cli"."platforms.linux-x64"]
checksum = "sha256:d0422caade520530e76c1c558da47daebaa8e1203d6b7ff10ad7d6faba3490d8"
url = "https://github.com/cli/cli/releases/download/v2.89.0/gh_2.89.0_linux_amd64.tar.gz"
provenance = "github-attestations"

[tools."aqua:cli/cli"."platforms.linux-x64-musl"]
checksum = "sha256:d0422caade520530e76c1c558da47daebaa8e1203d6b7ff10ad7d6faba3490d8"
url = "https://github.com/cli/cli/releases/download/v2.89.0/gh_2.89.0_linux_amd64.tar.gz"
provenance = "github-attestations"

[tools."aqua:cli/cli"."platforms.macos-arm64"]
checksum = "sha256:2423d02ec0a2094898c378703a1b28a5846c08700f87461363857cb8cb3fda94"
url = "https://github.com/cli/cli/releases/download/v2.89.0/gh_2.89.0_macOS_arm64.zip"
provenance = "github-attestations"

[tools."aqua:cli/cli"."platforms.macos-x64"]
checksum = "sha256:862e21cac6a71f81e7cd6e5127e3cd344f8537441ad2db94cd208319dd17b6e9"
url = "https://github.com/cli/cli/releases/download/v2.89.0/gh_2.89.0_macOS_amd64.zip"
provenance = "github-attestations"

[tools."aqua:cli/cli"."platforms.windows-x64"]
checksum = "sha256:f3326f6406c98c99701b257d77e2b040eedf83d0176c2c2e9809aa339ceb467e"
url = "https://github.com/cli/cli/releases/download/v2.89.0/gh_2.89.0_windows_amd64.zip"
provenance = "github-attestations"

[[tools."aqua:dandavison/delta"]]
version = "0.19.2"
backend = "aqua:dandavison/delta"

[tools."aqua:dandavison/delta"."platforms.linux-arm64"]
checksum = "sha256:0bfce159a5cddd5feb3d6db4a616d883ff51253ce08ac7ec11cb1d208cfaab9e"
url = "https://github.com/dandavison/delta/releases/download/0.19.2/delta-0.19.2-aarch64-unknown-linux-gnu.tar.gz"

[tools."aqua:dandavison/delta"."platforms.linux-arm64-musl"]
checksum = "sha256:0bfce159a5cddd5feb3d6db4a616d883ff51253ce08ac7ec11cb1d208cfaab9e"
url = "https://github.com/dandavison/delta/releases/download/0.19.2/delta-0.19.2-aarch64-unknown-linux-gnu.tar.gz"

[tools."aqua:dandavison/delta"."platforms.linux-x64"]
checksum = "sha256:f1ea01ca7728ce3462debc359f39dfc7cbbc1a63224b71fefabf92042864aa1b"
url = "https://github.com/dandavison/delta/releases/download/0.19.2/delta-0.19.2-x86_64-unknown-linux-musl.tar.gz"

[tools."aqua:dandavison/delta"."platforms.linux-x64-musl"]
checksum = "sha256:f1ea01ca7728ce3462debc359f39dfc7cbbc1a63224b71fefabf92042864aa1b"
url = "https://github.com/dandavison/delta/releases/download/0.19.2/delta-0.19.2-x86_64-unknown-linux-musl.tar.gz"

[tools."aqua:dandavison/delta"."platforms.macos-arm64"]
checksum = "sha256:9be36612a5a13e9e386dc498fb8e50dc87c72ee42b63db0ea05b32f99a72a69a"
url = "https://github.com/dandavison/delta/releases/download/0.19.2/delta-0.19.2-aarch64-apple-darwin.tar.gz"

[tools."aqua:dandavison/delta"."platforms.windows-x64"]
checksum = "sha256:ac8ebb4a9f1cbee8b9ea897ba119808a244181adae6f3bed1f3b6b923c50b557"
url = "https://github.com/dandavison/delta/releases/download/0.19.2/delta-0.19.2-x86_64-pc-windows-msvc.zip"

[[tools."aqua:direnv/direnv"]]
version = "2.37.1"
backend = "aqua:direnv/direnv"

[tools."aqua:direnv/direnv"."platforms.linux-arm64"]
checksum = "sha256:2a9cef8d73521d6a3ec3f2871c4b747b8c4cc038628c1b57a7efa42b393a2d82"
url = "https://github.com/direnv/direnv/releases/download/v2.37.1/direnv.linux-arm64"

[tools."aqua:direnv/direnv"."platforms.linux-arm64-musl"]
checksum = "sha256:2a9cef8d73521d6a3ec3f2871c4b747b8c4cc038628c1b57a7efa42b393a2d82"
url = "https://github.com/direnv/direnv/releases/download/v2.37.1/direnv.linux-arm64"

[tools."aqua:direnv/direnv"."platforms.linux-x64"]
checksum = "sha256:1f1b93dd6f38523fde26dfac96151ef9d31a374e3005cd3345fb93555ae0c9b5"
url = "https://github.com/direnv/direnv/releases/download/v2.37.1/direnv.linux-amd64"

[tools."aqua:direnv/direnv"."platforms.linux-x64-musl"]
checksum = "sha256:1f1b93dd6f38523fde26dfac96151ef9d31a374e3005cd3345fb93555ae0c9b5"
url = "https://github.com/direnv/direnv/releases/download/v2.37.1/direnv.linux-amd64"

[tools."aqua:direnv/direnv"."platforms.macos-arm64"]
checksum = "sha256:4f569f3a36732bfd8b8fea7bfcc6ad87a59745c109022164d0ca4832451d5369"
url = "https://github.com/direnv/direnv/releases/download/v2.37.1/direnv.darwin-arm64"

[tools."aqua:direnv/direnv"."platforms.macos-x64"]
checksum = "sha256:24fb9ce48b563d7e9fbdd3a4e3e836941654a31ce3e67eba9eaafc3dcd8ae73b"
url = "https://github.com/direnv/direnv/releases/download/v2.37.1/direnv.darwin-amd64"

[tools."aqua:direnv/direnv"."platforms.windows-x64"]
checksum = "sha256:d96fc8b7cf020c2d4c1dbbc2ccec5fd1cab05b51c491f02c8527a7fa6c50a1cd"
url = "https://github.com/direnv/direnv/releases/download/v2.37.1/direnv.windows-amd64"

[[tools."aqua:eza-community/eza"]]
version = "0.23.4"
backend = "aqua:eza-community/eza"

[tools."aqua:eza-community/eza"."platforms.linux-arm64"]
checksum = "sha256:366e8430225f9955c3dc659b452150c169894833ccfef455e01765e265a3edda"
url = "https://github.com/eza-community/eza/releases/download/v0.23.4/eza_aarch64-unknown-linux-gnu.tar.gz"

[tools."aqua:eza-community/eza"."platforms.linux-arm64-musl"]
checksum = "sha256:366e8430225f9955c3dc659b452150c169894833ccfef455e01765e265a3edda"
url = "https://github.com/eza-community/eza/releases/download/v0.23.4/eza_aarch64-unknown-linux-gnu.tar.gz"

[tools."aqua:eza-community/eza"."platforms.linux-x64"]
checksum = "sha256:d231bb3ee33b08c76279b5888845dceb7034d055c42bb9be46dbe0dae39394df"
url = "https://github.com/eza-community/eza/releases/download/v0.23.4/eza_x86_64-unknown-linux-musl.tar.gz"

[tools."aqua:eza-community/eza"."platforms.linux-x64-musl"]
checksum = "sha256:d231bb3ee33b08c76279b5888845dceb7034d055c42bb9be46dbe0dae39394df"
url = "https://github.com/eza-community/eza/releases/download/v0.23.4/eza_x86_64-unknown-linux-musl.tar.gz"

[tools."aqua:eza-community/eza"."platforms.windows-x64"]
checksum = "sha256:4d4f87f6bc8e6ee176789c28bee698234ce0275da013709eb16b0f14819c1688"
url = "https://github.com/eza-community/eza/releases/download/v0.23.4/eza.exe_x86_64-pc-windows-gnu.tar.gz"

[[tools."aqua:fzf"]]
version = "0.71.0"
backend = "aqua:fzf"

[tools."aqua:fzf"."platforms.linux-arm64"]
checksum = "sha256:98b7d322efae9c37e4bfbbab1cbcd8722eb742d9399511f96375feb40cc35d1d"
url = "https://github.com/junegunn/fzf/releases/download/v0.71.0/fzf-0.71.0-linux_arm64.tar.gz"

[tools."aqua:fzf"."platforms.linux-arm64-musl"]
checksum = "sha256:98b7d322efae9c37e4bfbbab1cbcd8722eb742d9399511f96375feb40cc35d1d"
url = "https://github.com/junegunn/fzf/releases/download/v0.71.0/fzf-0.71.0-linux_arm64.tar.gz"

[tools."aqua:fzf"."platforms.linux-x64"]
checksum = "sha256:22639bb38489dbca8acef57850cbb50231ab714d0e8e855ac52fae8b41233df4"
url = "https://github.com/junegunn/fzf/releases/download/v0.71.0/fzf-0.71.0-linux_amd64.tar.gz"

[tools."aqua:fzf"."platforms.linux-x64-musl"]
checksum = "sha256:22639bb38489dbca8acef57850cbb50231ab714d0e8e855ac52fae8b41233df4"
url = "https://github.com/junegunn/fzf/releases/download/v0.71.0/fzf-0.71.0-linux_amd64.tar.gz"

[tools."aqua:fzf"."platforms.macos-arm64"]
checksum = "sha256:02dfb11de8773cb79aa4fc5bfc77e75c6604ee14728bc849fc162dd91a9714c4"
url = "https://github.com/junegunn/fzf/releases/download/v0.71.0/fzf-0.71.0-darwin_arm64.tar.gz"

[tools."aqua:fzf"."platforms.macos-x64"]
checksum = "sha256:144e98ee6bcffaf915366162768000561cd2db8fb53b119d73110391a8e5b5f0"
url = "https://github.com/junegunn/fzf/releases/download/v0.71.0/fzf-0.71.0-darwin_amd64.tar.gz"

[tools."aqua:fzf"."platforms.windows-x64"]
checksum = "sha256:15bf30fa658c596d740f0ce9a9a97b6b5d90566124903657d09fd109dd0973d2"
url = "https://github.com/junegunn/fzf/releases/download/v0.71.0/fzf-0.71.0-windows_amd64.zip"

[[tools."aqua:jdx/usage"]]
version = "3.2.0"
backend = "aqua:jdx/usage"

[tools."aqua:jdx/usage"."platforms.linux-arm64"]
checksum = "sha256:9cc22814763948582a31b054e6aa3adfc7a820a3cafb82b317dd4a8931277c0f"
url = "https://github.com/jdx/usage/releases/download/v3.2.0/usage-aarch64-unknown-linux-musl.tar.gz"

[tools."aqua:jdx/usage"."platforms.linux-arm64-musl"]
checksum = "sha256:9cc22814763948582a31b054e6aa3adfc7a820a3cafb82b317dd4a8931277c0f"
url = "https://github.com/jdx/usage/releases/download/v3.2.0/usage-aarch64-unknown-linux-musl.tar.gz"

[tools."aqua:jdx/usage"."platforms.linux-x64"]
checksum = "sha256:7f48ee228ae95b07c193ec61def326575682b37032473c5af4b3b93a114aec81"
url = "https://github.com/jdx/usage/releases/download/v3.2.0/usage-x86_64-unknown-linux-musl.tar.gz"

[tools."aqua:jdx/usage"."platforms.linux-x64-musl"]
checksum = "sha256:7f48ee228ae95b07c193ec61def326575682b37032473c5af4b3b93a114aec81"
url = "https://github.com/jdx/usage/releases/download/v3.2.0/usage-x86_64-unknown-linux-musl.tar.gz"

[tools."aqua:jdx/usage"."platforms.macos-arm64"]
checksum = "sha256:f0a566bc05fc485b23a339abddbaef04225e7730574dbb603fdc021e084d26f9"
url = "https://github.com/jdx/usage/releases/download/v3.2.0/usage-universal-apple-darwin.tar.gz"

[tools."aqua:jdx/usage"."platforms.macos-x64"]
checksum = "sha256:f0a566bc05fc485b23a339abddbaef04225e7730574dbb603fdc021e084d26f9"
url = "https://github.com/jdx/usage/releases/download/v3.2.0/usage-universal-apple-darwin.tar.gz"

[tools."aqua:jdx/usage"."platforms.windows-x64"]
checksum = "sha256:9aba23a5d549695cfb5f034849e143205ccf972e5b5d42c24acd32e084d7a165"
url = "https://github.com/jdx/usage/releases/download/v3.2.0/usage-x86_64-pc-windows-msvc.zip"

[[tools."aqua:jesseduffield/lazygit"]]
version = "0.61.0"
backend = "aqua:jesseduffield/lazygit"

[tools."aqua:jesseduffield/lazygit"."platforms.linux-arm64"]
checksum = "sha256:7c3b1594fbb5ca29c17f875c0240849dd924f29bdeaf819ef26ae2107ccad84c"
url = "https://github.com/jesseduffield/lazygit/releases/download/v0.61.0/lazygit_0.61.0_linux_arm64.tar.gz"

[tools."aqua:jesseduffield/lazygit"."platforms.linux-arm64-musl"]
checksum = "sha256:7c3b1594fbb5ca29c17f875c0240849dd924f29bdeaf819ef26ae2107ccad84c"
url = "https://github.com/jesseduffield/lazygit/releases/download/v0.61.0/lazygit_0.61.0_linux_arm64.tar.gz"

[tools."aqua:jesseduffield/lazygit"."platforms.linux-x64"]
checksum = "sha256:4a9702b346283a23a6919c9424617e14788ac00e9cd3c9be266bac48cc6de8eb"
url = "https://github.com/jesseduffield/lazygit/releases/download/v0.61.0/lazygit_0.61.0_linux_x86_64.tar.gz"

[tools."aqua:jesseduffield/lazygit"."platforms.linux-x64-musl"]
checksum = "sha256:4a9702b346283a23a6919c9424617e14788ac00e9cd3c9be266bac48cc6de8eb"
url = "https://github.com/jesseduffield/lazygit/releases/download/v0.61.0/lazygit_0.61.0_linux_x86_64.tar.gz"

[tools."aqua:jesseduffield/lazygit"."platforms.macos-arm64"]
checksum = "sha256:7dc684c3c40812de72f7852222d415fecb1c4dae2058b23e5a3c4a5341dc6e9f"
url = "https://github.com/jesseduffield/lazygit/releases/download/v0.61.0/lazygit_0.61.0_darwin_arm64.tar.gz"

[tools."aqua:jesseduffield/lazygit"."platforms.macos-x64"]
checksum = "sha256:196232de7647094bb51681afb3fc3076d5b4eb70ae99b9cec145462b13aab54f"
url = "https://github.com/jesseduffield/lazygit/releases/download/v0.61.0/lazygit_0.61.0_darwin_x86_64.tar.gz"

[tools."aqua:jesseduffield/lazygit"."platforms.windows-x64"]
checksum = "sha256:26bb374ee7f3c6e52627262c7f8cc96ab23f96dfd3ef95b3d485d2ef9b842764"
url = "https://github.com/jesseduffield/lazygit/releases/download/v0.61.0/lazygit_0.61.0_windows_x86_64.zip"

[[tools."aqua:kubernetes/kubernetes/kubectl"]]
version = "1.35.3"
backend = "aqua:kubernetes/kubernetes/kubectl"

[tools."aqua:kubernetes/kubernetes/kubectl"."platforms.linux-arm64"]
checksum = "sha256:6f0cd088a82dde5d5807122056069e2fac4ed447cc518efc055547ae46525f14"
url = "https://dl.k8s.io/v1.35.3/bin/linux/arm64/kubectl"

[tools."aqua:kubernetes/kubernetes/kubectl"."platforms.linux-arm64-musl"]
checksum = "sha256:6f0cd088a82dde5d5807122056069e2fac4ed447cc518efc055547ae46525f14"
url = "https://dl.k8s.io/v1.35.3/bin/linux/arm64/kubectl"

[tools."aqua:kubernetes/kubernetes/kubectl"."platforms.linux-x64"]
checksum = "sha256:fd31c7d7129260e608f6faf92d5984c3267ad0b5ead3bced2fe125686e286ad6"
url = "https://dl.k8s.io/v1.35.3/bin/linux/amd64/kubectl"

[tools."aqua:kubernetes/kubernetes/kubectl"."platforms.linux-x64-musl"]
checksum = "sha256:fd31c7d7129260e608f6faf92d5984c3267ad0b5ead3bced2fe125686e286ad6"
url = "https://dl.k8s.io/v1.35.3/bin/linux/amd64/kubectl"

[tools."aqua:kubernetes/kubernetes/kubectl"."platforms.macos-arm64"]
checksum = "sha256:280651239d84bab214ba83403666bf6976a5fa0dbdb41404f26eb6f276d34963"
url = "https://dl.k8s.io/v1.35.3/bin/darwin/arm64/kubectl"

[tools."aqua:kubernetes/kubernetes/kubectl"."platforms.macos-x64"]
checksum = "sha256:2f339b1eae2e1792ec08da281b37afbeee94f70bed6b7398e7efd81ba08f8d37"
url = "https://dl.k8s.io/v1.35.3/bin/darwin/amd64/kubectl"

[tools."aqua:kubernetes/kubernetes/kubectl"."platforms.windows-x64"]
checksum = "sha256:6c367f9c34be9a13a94eb523dd62006973e1d051adea7d6bcf800dde3f6e84df"
url = "https://dl.k8s.io/v1.35.3/bin/windows/amd64/kubectl.exe"

[[tools."aqua:mikefarah/yq"]]
version = "4.52.5"
backend = "aqua:mikefarah/yq"

[tools."aqua:mikefarah/yq"."platforms.linux-arm64"]
checksum = "sha256:90fa510c50ee8ca75544dbfffed10c88ed59b36834df35916520cddc623d9aaa"
url = "https://github.com/mikefarah/yq/releases/download/v4.52.5/yq_linux_arm64"

[tools."aqua:mikefarah/yq"."platforms.linux-arm64-musl"]
checksum = "sha256:90fa510c50ee8ca75544dbfffed10c88ed59b36834df35916520cddc623d9aaa"
url = "https://github.com/mikefarah/yq/releases/download/v4.52.5/yq_linux_arm64"

[tools."aqua:mikefarah/yq"."platforms.linux-x64"]
checksum = "sha256:75d893a0d5940d1019cb7cdc60001d9e876623852c31cfc6267047bc31149fa9"
url = "https://github.com/mikefarah/yq/releases/download/v4.52.5/yq_linux_amd64"

[tools."aqua:mikefarah/yq"."platforms.linux-x64-musl"]
checksum = "sha256:75d893a0d5940d1019cb7cdc60001d9e876623852c31cfc6267047bc31149fa9"
url = "https://github.com/mikefarah/yq/releases/download/v4.52.5/yq_linux_amd64"

[tools."aqua:mikefarah/yq"."platforms.macos-arm64"]
checksum = "sha256:45a12e64d4bd8a31c72ee1b889e81f1b1110e801baad3d6f030c111db0068de0"
url = "https://github.com/mikefarah/yq/releases/download/v4.52.5/yq_darwin_arm64"

[tools."aqua:mikefarah/yq"."platforms.macos-x64"]
checksum = "sha256:6e399d1eb466860c3202d231727197fdce055888c5c7bec6964156983dd1559d"
url = "https://github.com/mikefarah/yq/releases/download/v4.52.5/yq_darwin_amd64"

[tools."aqua:mikefarah/yq"."platforms.windows-x64"]
checksum = "sha256:47594981f3848a4b4447494adeca9555f908f7cf0a89c4da3fd0243a4631da1c"
url = "https://github.com/mikefarah/yq/releases/download/v4.52.5/yq_windows_amd64.exe"

[[tools."aqua:mintoolkit/mint"]]
version = "1.41.8"
backend = "aqua:mintoolkit/mint"

[tools."aqua:mintoolkit/mint"."platforms.linux-arm64"]
checksum = "sha256:0bf3833c26c88a4dd9f1d684c2b1c2b17c242c97902a77a8ae449d66350311b5"
url = "https://github.com/mintoolkit/mint/releases/download/1.41.8/dist_linux_arm.tar.gz"

[tools."aqua:mintoolkit/mint"."platforms.linux-arm64-musl"]
checksum = "sha256:0bf3833c26c88a4dd9f1d684c2b1c2b17c242c97902a77a8ae449d66350311b5"
url = "https://github.com/mintoolkit/mint/releases/download/1.41.8/dist_linux_arm.tar.gz"

[tools."aqua:mintoolkit/mint"."platforms.linux-x64"]
checksum = "sha256:1b25208157657ea8a9ec94a9aa61f2dfc087710a6d938513bbeda43cce84142c"
url = "https://github.com/mintoolkit/mint/releases/download/1.41.8/dist_linux.tar.gz"

[tools."aqua:mintoolkit/mint"."platforms.linux-x64-musl"]
checksum = "sha256:1b25208157657ea8a9ec94a9aa61f2dfc087710a6d938513bbeda43cce84142c"
url = "https://github.com/mintoolkit/mint/releases/download/1.41.8/dist_linux.tar.gz"

[tools."aqua:mintoolkit/mint"."platforms.macos-arm64"]
checksum = "sha256:2b9244a8d795f4241e7c07b7327d166a0537a7dac9e24f07f498b39d1ebbc259"
url = "https://github.com/mintoolkit/mint/releases/download/1.41.8/dist_mac.zip"

[tools."aqua:mintoolkit/mint"."platforms.macos-x64"]
checksum = "sha256:2b9244a8d795f4241e7c07b7327d166a0537a7dac9e24f07f498b39d1ebbc259"
url = "https://github.com/mintoolkit/mint/releases/download/1.41.8/dist_mac.zip"

[[tools."aqua:nektos/act"]]
version = "0.2.87"
backend = "aqua:nektos/act"

[tools."aqua:nektos/act"."platforms.linux-arm64"]
checksum = "sha256:c17a9fe2428a4824f61248ceb8e93db8de95d9163b0f2651ec5ccea0e6f4edc8"
url = "https://github.com/nektos/act/releases/download/v0.2.87/act_Linux_arm64.tar.gz"

[tools."aqua:nektos/act"."platforms.linux-arm64-musl"]
checksum = "sha256:c17a9fe2428a4824f61248ceb8e93db8de95d9163b0f2651ec5ccea0e6f4edc8"
url = "https://github.com/nektos/act/releases/download/v0.2.87/act_Linux_arm64.tar.gz"

[tools."aqua:nektos/act"."platforms.linux-x64"]
checksum = "sha256:9bbfca7d779f71746233ec65e47fdcb12c4c976c1c97ec085956976fcabee866"
url = "https://github.com/nektos/act/releases/download/v0.2.87/act_Linux_x86_64.tar.gz"

[tools."aqua:nektos/act"."platforms.linux-x64-musl"]
checksum = "sha256:9bbfca7d779f71746233ec65e47fdcb12c4c976c1c97ec085956976fcabee866"
url = "https://github.com/nektos/act/releases/download/v0.2.87/act_Linux_x86_64.tar.gz"

[tools."aqua:nektos/act"."platforms.macos-arm64"]
checksum = "sha256:dab0091c6f8229f955b83e3822aa24375f7a2852279d5a262446361cc3559d88"
url = "https://github.com/nektos/act/releases/download/v0.2.87/act_Darwin_arm64.tar.gz"

[tools."aqua:nektos/act"."platforms.macos-x64"]
checksum = "sha256:41077f98142b02e0bb45b181f57a068f6af86ce887d578a4da1a901b1d8f240a"
url = "https://github.com/nektos/act/releases/download/v0.2.87/act_Darwin_x86_64.tar.gz"

[tools."aqua:nektos/act"."platforms.windows-x64"]
checksum = "sha256:bb7c654b27d79fb98947e22ff846408ef8f93aab90dba6af3656b503b8811966"
url = "https://github.com/nektos/act/releases/download/v0.2.87/act_Windows_x86_64.zip"

[[tools."aqua:neovim/neovim"]]
version = "0.12.1"
backend = "aqua:neovim/neovim"

[tools."aqua:neovim/neovim"."platforms.linux-arm64"]
checksum = "sha256:a3f8aa5590fd2ac930bcc5c9070b9ac1ec33461d262b6428874c5fc640f3f13c"
url = "https://github.com/neovim/neovim/releases/download/v0.12.1/nvim-linux-arm64.tar.gz"

[tools."aqua:neovim/neovim"."platforms.linux-arm64-musl"]
checksum = "sha256:a3f8aa5590fd2ac930bcc5c9070b9ac1ec33461d262b6428874c5fc640f3f13c"
url = "https://github.com/neovim/neovim/releases/download/v0.12.1/nvim-linux-arm64.tar.gz"

[tools."aqua:neovim/neovim"."platforms.linux-x64"]
checksum = "sha256:ab757a1fd9ad307d53d2df4045698906a7ca3993d92260dd8fe49108712d57d0"
url = "https://github.com/neovim/neovim/releases/download/v0.12.1/nvim-linux-x86_64.tar.gz"

[tools."aqua:neovim/neovim"."platforms.linux-x64-musl"]
checksum = "sha256:ab757a1fd9ad307d53d2df4045698906a7ca3993d92260dd8fe49108712d57d0"
url = "https://github.com/neovim/neovim/releases/download/v0.12.1/nvim-linux-x86_64.tar.gz"

[tools."aqua:neovim/neovim"."platforms.macos-arm64"]
checksum = "sha256:b77e01c5421ac1bac593eed5c2ea1b950439306dd4c32371ac2473792da9a9d5"
url = "https://github.com/neovim/neovim/releases/download/v0.12.1/nvim-macos-arm64.tar.gz"

[tools."aqua:neovim/neovim"."platforms.macos-x64"]
checksum = "sha256:e59a5eafcdf824e2bf6a738e75f8f62ba4ff1b7f1c7daaec2d134aa46737907c"
url = "https://github.com/neovim/neovim/releases/download/v0.12.1/nvim-macos-x86_64.tar.gz"

[tools."aqua:neovim/neovim"."platforms.windows-x64"]
checksum = "sha256:75fedc530b3772ca9f177edc7db92560bb9d2d6700ac6d5b2c53eaf5a9317ae3"
url = "https://github.com/neovim/neovim/releases/download/v0.12.1/nvim-win64.zip"

[[tools."aqua:rhysd/actionlint"]]
version = "1.7.12"
backend = "aqua:rhysd/actionlint"

[tools."aqua:rhysd/actionlint"."platforms.linux-arm64"]
checksum = "sha256:325e971b6ba9bfa504672e29be93c24981eeb1c07576d730e9f7c8805afff0c6"
url = "https://github.com/rhysd/actionlint/releases/download/v1.7.12/actionlint_1.7.12_linux_arm64.tar.gz"
provenance = "github-attestations"

[tools."aqua:rhysd/actionlint"."platforms.linux-arm64-musl"]
checksum = "sha256:325e971b6ba9bfa504672e29be93c24981eeb1c07576d730e9f7c8805afff0c6"
url = "https://github.com/rhysd/actionlint/releases/download/v1.7.12/actionlint_1.7.12_linux_arm64.tar.gz"
provenance = "github-attestations"

[tools."aqua:rhysd/actionlint"."platforms.linux-x64"]
checksum = "sha256:8aca8db96f1b94770f1b0d72b6dddcb1ebb8123cb3712530b08cc387b349a3d8"
url = "https://github.com/rhysd/actionlint/releases/download/v1.7.12/actionlint_1.7.12_linux_amd64.tar.gz"
provenance = "github-attestations"

[tools."aqua:rhysd/actionlint"."platforms.linux-x64-musl"]
checksum = "sha256:8aca8db96f1b94770f1b0d72b6dddcb1ebb8123cb3712530b08cc387b349a3d8"
url = "https://github.com/rhysd/actionlint/releases/download/v1.7.12/actionlint_1.7.12_linux_amd64.tar.gz"
provenance = "github-attestations"

[tools."aqua:rhysd/actionlint"."platforms.macos-arm64"]
checksum = "sha256:aba9ced2dee8d27fecca3dc7feb1a7f9a52caefa1eb46f3271ea66b6e0e6953f"
url = "https://github.com/rhysd/actionlint/releases/download/v1.7.12/actionlint_1.7.12_darwin_arm64.tar.gz"
provenance = "github-attestations"

[tools."aqua:rhysd/actionlint"."platforms.macos-x64"]
checksum = "sha256:5b44c3bc2255115c9b69e30efc0fecdf498fdb63c5d58e17084fd5f16324c644"
url = "https://github.com/rhysd/actionlint/releases/download/v1.7.12/actionlint_1.7.12_darwin_amd64.tar.gz"
provenance = "github-attestations"

[tools."aqua:rhysd/actionlint"."platforms.windows-x64"]
checksum = "sha256:6e7241b51e6817ea6a047693d8e6fed13b31819c9a0dd6c5a726e1592d22f6e9"
url = "https://github.com/rhysd/actionlint/releases/download/v1.7.12/actionlint_1.7.12_windows_amd64.zip"
provenance = "github-attestations"

[[tools."aqua:twpayne/chezmoi"]]
version = "2.70.1"
backend = "aqua:twpayne/chezmoi"

[tools."aqua:twpayne/chezmoi"."platforms.linux-arm64"]
checksum = "sha256:7f8307cef8aade159cdee372a10871a606a50c6239284c0860fb463a174faba0"
url = "https://github.com/twpayne/chezmoi/releases/download/v2.70.1/chezmoi_2.70.1_linux_arm64.tar.gz"

[tools."aqua:twpayne/chezmoi"."platforms.linux-arm64-musl"]
checksum = "sha256:7f8307cef8aade159cdee372a10871a606a50c6239284c0860fb463a174faba0"
url = "https://github.com/twpayne/chezmoi/releases/download/v2.70.1/chezmoi_2.70.1_linux_arm64.tar.gz"

[tools."aqua:twpayne/chezmoi"."platforms.linux-x64"]
checksum = "sha256:3bd054238e2a95548eee62a6c5b4d9d1352f2c6c69c6d32f3d1964878398f91a"
url = "https://github.com/twpayne/chezmoi/releases/download/v2.70.1/chezmoi_2.70.1_linux_amd64.tar.gz"

[tools."aqua:twpayne/chezmoi"."platforms.linux-x64-musl"]
checksum = "sha256:3bd054238e2a95548eee62a6c5b4d9d1352f2c6c69c6d32f3d1964878398f91a"
url = "https://github.com/twpayne/chezmoi/releases/download/v2.70.1/chezmoi_2.70.1_linux_amd64.tar.gz"

[tools."aqua:twpayne/chezmoi"."platforms.macos-arm64"]
checksum = "sha256:814fd391b755046d9dbe17c1a7e93d7dd725b2842bf9663c08645771f4a92cf1"
url = "https://github.com/twpayne/chezmoi/releases/download/v2.70.1/chezmoi_2.70.1_darwin_arm64.tar.gz"

[tools."aqua:twpayne/chezmoi"."platforms.macos-x64"]
checksum = "sha256:36b9b41dd88485afd30c7940398edef3b4757c19e36689f9324012391ea7dbff"
url = "https://github.com/twpayne/chezmoi/releases/download/v2.70.1/chezmoi_2.70.1_darwin_amd64.tar.gz"

[tools."aqua:twpayne/chezmoi"."platforms.windows-x64"]
checksum = "sha256:dfd54ea02f4290dd7d072c2c932efcbdbe3af01035f22315986654711c6d97bd"
url = "https://github.com/twpayne/chezmoi/releases/download/v2.70.1/chezmoi_2.70.1_windows_amd64.zip"

[[tools."aqua:zoxide"]]
version = "0.9.9"
backend = "aqua:zoxide"

[tools."aqua:zoxide"."platforms.linux-arm64"]
checksum = "sha256:96e6ea2e47a71db42cb7ad5a36e9209c8cb3708f8ae00f6945573d0d93315cb0"
url = "https://github.com/ajeetdsouza/zoxide/releases/download/v0.9.9/zoxide-0.9.9-aarch64-unknown-linux-musl.tar.gz"

[tools."aqua:zoxide"."platforms.linux-arm64-musl"]
checksum = "sha256:96e6ea2e47a71db42cb7ad5a36e9209c8cb3708f8ae00f6945573d0d93315cb0"
url = "https://github.com/ajeetdsouza/zoxide/releases/download/v0.9.9/zoxide-0.9.9-aarch64-unknown-linux-musl.tar.gz"

[tools."aqua:zoxide"."platforms.linux-x64"]
checksum = "sha256:4ff057d3c4d957946937274c2b8be7af2a9bbae7f90a1b5e9baaa7cb65a20caa"
url = "https://github.com/ajeetdsouza/zoxide/releases/download/v0.9.9/zoxide-0.9.9-x86_64-unknown-linux-musl.tar.gz"

[tools."aqua:zoxide"."platforms.linux-x64-musl"]
checksum = "sha256:4ff057d3c4d957946937274c2b8be7af2a9bbae7f90a1b5e9baaa7cb65a20caa"
url = "https://github.com/ajeetdsouza/zoxide/releases/download/v0.9.9/zoxide-0.9.9-x86_64-unknown-linux-musl.tar.gz"

[tools."aqua:zoxide"."platforms.macos-arm64"]
checksum = "sha256:57e733d0436309dae2ed97e46bba43937209395298e1d88812d4e893900cb40a"
url = "https://github.com/ajeetdsouza/zoxide/releases/download/v0.9.9/zoxide-0.9.9-aarch64-apple-darwin.tar.gz"

[tools."aqua:zoxide"."platforms.macos-x64"]
checksum = "sha256:364249cff18354397c72ebb6b8f7358404c051c486e0f2f7a46e36c86c16f8c7"
url = "https://github.com/ajeetdsouza/zoxide/releases/download/v0.9.9/zoxide-0.9.9-x86_64-apple-darwin.tar.gz"

[tools."aqua:zoxide"."platforms.windows-x64"]
checksum = "sha256:5af00d0916f05631e3030537289eac56605e7c1733318c4d525c8e847f12496d"
url = "https://github.com/ajeetdsouza/zoxide/releases/download/v0.9.9/zoxide-0.9.9-x86_64-pc-windows-msvc.zip"

[[tools.bat-extras]]
version = "2024.08.24"
backend = "aqua:eth-p/bat-extras"

[tools.bat-extras."platforms.linux-arm64"]
url = "https://github.com/eth-p/bat-extras/releases/download/v2024.08.24/bat-extras-2024.08.24.zip"

[tools.bat-extras."platforms.linux-arm64-musl"]
url = "https://github.com/eth-p/bat-extras/releases/download/v2024.08.24/bat-extras-2024.08.24.zip"

[tools.bat-extras."platforms.linux-x64"]
url = "https://github.com/eth-p/bat-extras/releases/download/v2024.08.24/bat-extras-2024.08.24.zip"

[tools.bat-extras."platforms.linux-x64-musl"]
url = "https://github.com/eth-p/bat-extras/releases/download/v2024.08.24/bat-extras-2024.08.24.zip"

[tools.bat-extras."platforms.macos-arm64"]
url = "https://github.com/eth-p/bat-extras/releases/download/v2024.08.24/bat-extras-2024.08.24.zip"

[tools.bat-extras."platforms.macos-x64"]
url = "https://github.com/eth-p/bat-extras/releases/download/v2024.08.24/bat-extras-2024.08.24.zip"

[[tools.deno]]
version = "2.7.11"
backend = "core:deno"

[tools.deno."platforms.linux-arm64"]
checksum = "sha256:1c9024937e711d17c20bc0fd510147aba6d5315ed6cfbe0fa0e6d3cee8a681b7"
url = "https://dl.deno.land/release/v2.7.11/deno-aarch64-unknown-linux-gnu.zip"

[tools.deno."platforms.linux-arm64-musl"]
checksum = "sha256:1c9024937e711d17c20bc0fd510147aba6d5315ed6cfbe0fa0e6d3cee8a681b7"
url = "https://dl.deno.land/release/v2.7.11/deno-aarch64-unknown-linux-gnu.zip"

[tools.deno."platforms.linux-x64"]
checksum = "sha256:16990cd4f3728b82b0f1432b233214fe793a0e03c27d77a2ee89f27b3e984097"
url = "https://dl.deno.land/release/v2.7.11/deno-x86_64-unknown-linux-gnu.zip"

[tools.deno."platforms.linux-x64-musl"]
checksum = "sha256:16990cd4f3728b82b0f1432b233214fe793a0e03c27d77a2ee89f27b3e984097"
url = "https://dl.deno.land/release/v2.7.11/deno-x86_64-unknown-linux-gnu.zip"

[tools.deno."platforms.macos-arm64"]
checksum = "sha256:2da6fd51ad6af3b8711ff327b448b76b1dc8ee75678842aff637b6827205d8bd"
url = "https://dl.deno.land/release/v2.7.11/deno-aarch64-apple-darwin.zip"

[tools.deno."platforms.macos-x64"]
checksum = "sha256:a01abae36024b9a6cfa9ffa5fa8325d71993e115fb7a8ab79f2720fe83b7fb5b"
url = "https://dl.deno.land/release/v2.7.11/deno-x86_64-apple-darwin.zip"

[tools.deno."platforms.windows-x64"]
checksum = "sha256:Algorithm"
url = "https://dl.deno.land/release/v2.7.11/deno-x86_64-pc-windows-msvc.zip"

[[tools.deno]]
version = "2.7.12"
backend = "core:deno"

[tools.deno."platforms.linux-arm64"]
checksum = "sha256:4116c1bb5fa2bba348a1f89c5392d5ecdbb505dd7166796870660556ea6c6c53"
url = "https://dl.deno.land/release/v2.7.12/deno-aarch64-unknown-linux-gnu.zip"

[tools.deno."platforms.linux-arm64-musl"]
checksum = "sha256:4116c1bb5fa2bba348a1f89c5392d5ecdbb505dd7166796870660556ea6c6c53"
url = "https://dl.deno.land/release/v2.7.12/deno-aarch64-unknown-linux-gnu.zip"

[tools.deno."platforms.linux-x64"]
checksum = "sha256:4646ec32b4296fdf963a62a3df3d57e342a3c70376976e5690c34d42e23a3080"
url = "https://dl.deno.land/release/v2.7.12/deno-x86_64-unknown-linux-gnu.zip"

[tools.deno."platforms.linux-x64-musl"]
checksum = "sha256:4646ec32b4296fdf963a62a3df3d57e342a3c70376976e5690c34d42e23a3080"
url = "https://dl.deno.land/release/v2.7.12/deno-x86_64-unknown-linux-gnu.zip"

[tools.deno."platforms.macos-arm64"]
checksum = "sha256:4694916acf93954611339618f19dfec01d8128d9a11402838e65be76e572bc5e"
url = "https://dl.deno.land/release/v2.7.12/deno-aarch64-apple-darwin.zip"

[tools.deno."platforms.macos-x64"]
checksum = "sha256:b303d779f20b9ce01355e65430cd9bf921b3b34fa04bde01e1ccea05f180fddc"
url = "https://dl.deno.land/release/v2.7.12/deno-x86_64-apple-darwin.zip"

[tools.deno."platforms.windows-x64"]
checksum = "sha256:Algorithm"
url = "https://dl.deno.land/release/v2.7.12/deno-x86_64-pc-windows-msvc.zip"

[[tools.fx]]
version = "39.2.0"
backend = "aqua:antonmedv/fx"

[tools.fx."platforms.linux-arm64"]
checksum = "sha256:85ea8435b0a80b6d31ffa9f61ac9b67d9bb8f0ffffabdfe5e7e587b07a0a0684"
url = "https://github.com/antonmedv/fx/releases/download/39.2.0/fx_linux_arm64"

[tools.fx."platforms.linux-arm64-musl"]
checksum = "sha256:85ea8435b0a80b6d31ffa9f61ac9b67d9bb8f0ffffabdfe5e7e587b07a0a0684"
url = "https://github.com/antonmedv/fx/releases/download/39.2.0/fx_linux_arm64"

[tools.fx."platforms.linux-x64"]
checksum = "sha256:17ea6549c7cf0b8be5ec109d04da7fbf1d5de9f7b99d957a6215081933528afe"
url = "https://github.com/antonmedv/fx/releases/download/39.2.0/fx_linux_amd64"

[tools.fx."platforms.linux-x64-musl"]
checksum = "sha256:17ea6549c7cf0b8be5ec109d04da7fbf1d5de9f7b99d957a6215081933528afe"
url = "https://github.com/antonmedv/fx/releases/download/39.2.0/fx_linux_amd64"

[tools.fx."platforms.macos-arm64"]
checksum = "sha256:5d7dadbf8ac4e4a55b5b6d31bdd958b90823292997ba9ddae395f66417bb4a9b"
url = "https://github.com/antonmedv/fx/releases/download/39.2.0/fx_darwin_arm64"

[tools.fx."platforms.macos-x64"]
checksum = "sha256:2ad7d0a6e1ea67ab10a22cc06825fdc776511e8f412926d1c752b630eac12e02"
url = "https://github.com/antonmedv/fx/releases/download/39.2.0/fx_darwin_amd64"

[tools.fx."platforms.windows-x64"]
checksum = "sha256:00fbddd7bd67f747a51aecc0a5bafcc695a21dfae7b912684510722c8e2d6d22"
url = "https://github.com/antonmedv/fx/releases/download/39.2.0/fx_windows_amd64.exe"

[[tools.go]]
version = "1.26.2"
backend = "core:go"

[tools.go."platforms.linux-arm64"]
checksum = "sha256:c958a1fe1b361391db163a485e21f5f228142d6f8b584f6bef89b26f66dc5b23"
url = "https://dl.google.com/go/go1.26.2.linux-arm64.tar.gz"

[tools.go."platforms.linux-arm64-musl"]
checksum = "sha256:c958a1fe1b361391db163a485e21f5f228142d6f8b584f6bef89b26f66dc5b23"
url = "https://dl.google.com/go/go1.26.2.linux-arm64.tar.gz"

[tools.go."platforms.linux-x64"]
checksum = "sha256:990e6b4bbba816dc3ee129eaeaf4b42f17c2800b88a2166c265ac1a200262282"
url = "https://dl.google.com/go/go1.26.2.linux-amd64.tar.gz"

[tools.go."platforms.linux-x64-musl"]
checksum = "sha256:990e6b4bbba816dc3ee129eaeaf4b42f17c2800b88a2166c265ac1a200262282"
url = "https://dl.google.com/go/go1.26.2.linux-amd64.tar.gz"

[tools.go."platforms.macos-arm64"]
checksum = "sha256:32af1522bf3e3ff3975864780a429cc0b41d190ec7bf90faa661d6d64566e7af"
url = "https://dl.google.com/go/go1.26.2.darwin-arm64.tar.gz"

[tools.go."platforms.macos-x64"]
checksum = "sha256:bc3f1500d9968c36d705442d90ba91addf9271665033748b82532682e90a7966"
url = "https://dl.google.com/go/go1.26.2.darwin-amd64.tar.gz"

[tools.go."platforms.windows-x64"]
checksum = "sha256:98eb3570bade15cb826b0909338df6cc6d2cf590bc39c471142002db3832b708"
url = "https://dl.google.com/go/go1.26.2.windows-amd64.zip"

[[tools.gum]]
version = "0.17.0"
backend = "aqua:charmbracelet/gum"

[tools.gum."platforms.linux-arm64"]
checksum = "sha256:b0b9ed95cbf7c8b7073f17b9591811f5c001e33c7cfd066ca83ce8a07c576f9c"
url = "https://github.com/charmbracelet/gum/releases/download/v0.17.0/gum_0.17.0_Linux_arm64.tar.gz"

[tools.gum."platforms.linux-arm64-musl"]
checksum = "sha256:b0b9ed95cbf7c8b7073f17b9591811f5c001e33c7cfd066ca83ce8a07c576f9c"
url = "https://github.com/charmbracelet/gum/releases/download/v0.17.0/gum_0.17.0_Linux_arm64.tar.gz"

[tools.gum."platforms.linux-x64"]
checksum = "sha256:69ee169bd6387331928864e94d47ed01ef649fbfe875baed1bbf27b5377a6fdb"
url = "https://github.com/charmbracelet/gum/releases/download/v0.17.0/gum_0.17.0_Linux_x86_64.tar.gz"

[tools.gum."platforms.linux-x64-musl"]
checksum = "sha256:69ee169bd6387331928864e94d47ed01ef649fbfe875baed1bbf27b5377a6fdb"
url = "https://github.com/charmbracelet/gum/releases/download/v0.17.0/gum_0.17.0_Linux_x86_64.tar.gz"

[tools.gum."platforms.macos-arm64"]
checksum = "sha256:e2a4b8596efa05821d8c58d0c1afbcd7ad1699ba69c689cc3ff23a4a99c8b237"
url = "https://github.com/charmbracelet/gum/releases/download/v0.17.0/gum_0.17.0_Darwin_arm64.tar.gz"

[tools.gum."platforms.macos-x64"]
checksum = "sha256:cd66576aeebe6cd19c771863c7e8d696e0e1d5387d1e7075666baa67c2052e53"
url = "https://github.com/charmbracelet/gum/releases/download/v0.17.0/gum_0.17.0_Darwin_x86_64.tar.gz"

[tools.gum."platforms.windows-x64"]
checksum = "sha256:b2be80531c6babc8d4e0e6ca95773d58118a2e1582ae006aace08dbc55503072"
url = "https://github.com/charmbracelet/gum/releases/download/v0.17.0/gum_0.17.0_Windows_x86_64.zip"

[[tools.lefthook]]
version = "2.1.5"
backend = "aqua:evilmartians/lefthook"

[tools.lefthook."platforms.linux-arm64"]
checksum = "sha256:0823d67541e34d4530d678a9492dba8e1edcfc19cbdbc6d28014cb97a8522c36"
url = "https://github.com/evilmartians/lefthook/releases/download/v2.1.5/lefthook_2.1.5_Linux_aarch64.gz"
provenance = "github-attestations"

[tools.lefthook."platforms.linux-arm64-musl"]
checksum = "sha256:0823d67541e34d4530d678a9492dba8e1edcfc19cbdbc6d28014cb97a8522c36"
url = "https://github.com/evilmartians/lefthook/releases/download/v2.1.5/lefthook_2.1.5_Linux_aarch64.gz"
provenance = "github-attestations"

[tools.lefthook."platforms.linux-x64"]
checksum = "sha256:0faf5a547afbcedc3f2e9bef46053a73bcbfc2478e47d39bde30784e08f97190"
url = "https://github.com/evilmartians/lefthook/releases/download/v2.1.5/lefthook_2.1.5_Linux_x86_64.gz"
provenance = "github-attestations"

[tools.lefthook."platforms.linux-x64-musl"]
checksum = "sha256:0faf5a547afbcedc3f2e9bef46053a73bcbfc2478e47d39bde30784e08f97190"
url = "https://github.com/evilmartians/lefthook/releases/download/v2.1.5/lefthook_2.1.5_Linux_x86_64.gz"
provenance = "github-attestations"

[tools.lefthook."platforms.macos-arm64"]
checksum = "sha256:f3aeef5fc287c6619a2f043ce3199e514bfc0639739be393a3759dd4470ee292"
url = "https://github.com/evilmartians/lefthook/releases/download/v2.1.5/lefthook_2.1.5_MacOS_arm64.gz"
provenance = "github-attestations"

[tools.lefthook."platforms.macos-x64"]
checksum = "sha256:27e48734de8f632e64fff07e8ae9f82514713b9f77e7bf91d8925ef1ea59a901"
url = "https://github.com/evilmartians/lefthook/releases/download/v2.1.5/lefthook_2.1.5_MacOS_x86_64.gz"
provenance = "github-attestations"

[tools.lefthook."platforms.windows-x64"]
checksum = "sha256:bf14d028984d24a72887f4f73d8899f5879c11786f4ba79a81c676fb3cefce1e"
url = "https://github.com/evilmartians/lefthook/releases/download/v2.1.5/lefthook_2.1.5_Windows_x86_64.gz"
provenance = "github-attestations"

[[tools.minikube]]
version = "1.38.1"
backend = "aqua:kubernetes/minikube"

[tools.minikube."platforms.linux-arm64"]
checksum = "sha256:a0b8a1ebfc8c07a247271d8df98ac0ddd7c8c855b601d402463e2e50c08c6bab"
url = "https://github.com/kubernetes/minikube/releases/download/v1.38.1/minikube-linux-arm64"

[tools.minikube."platforms.linux-arm64-musl"]
checksum = "sha256:a0b8a1ebfc8c07a247271d8df98ac0ddd7c8c855b601d402463e2e50c08c6bab"
url = "https://github.com/kubernetes/minikube/releases/download/v1.38.1/minikube-linux-arm64"

[tools.minikube."platforms.linux-x64"]
checksum = "sha256:099477eaf248bcb5bcea8ce78a2898e93ac01461c35189da1848c3de82ecd22e"
url = "https://github.com/kubernetes/minikube/releases/download/v1.38.1/minikube-linux-amd64"

[tools.minikube."platforms.linux-x64-musl"]
checksum = "sha256:099477eaf248bcb5bcea8ce78a2898e93ac01461c35189da1848c3de82ecd22e"
url = "https://github.com/kubernetes/minikube/releases/download/v1.38.1/minikube-linux-amd64"

[tools.minikube."platforms.macos-arm64"]
checksum = "sha256:f9b0c70bb7daf38c683c0b6e46dc1b612600247ae826bf74576807746a919ee8"
url = "https://github.com/kubernetes/minikube/releases/download/v1.38.1/minikube-darwin-arm64"

[tools.minikube."platforms.macos-x64"]
checksum = "sha256:db11dffba835609988e4e98c3a91a38653ce66ddfa8ea3aaea92d87c54a0a348"
url = "https://github.com/kubernetes/minikube/releases/download/v1.38.1/minikube-darwin-amd64"

[tools.minikube."platforms.windows-x64"]
checksum = "sha256:04215bec5632a976b48eb632856b50f1eaaa183b9c2a5904e11d1bacc4961ff7"
url = "https://github.com/kubernetes/minikube/releases/download/v1.38.1/minikube-windows-amd64.exe"

[[tools.stylua]]
version = "2.4.1"
backend = "aqua:JohnnyMorganz/StyLua"

[tools.stylua."platforms.linux-arm64"]
checksum = "sha256:ce8363cf77fb88f31e5cd8fe4cd8a61ff63ac0483bc5e38a1e24c5a894f04035"
url = "https://github.com/JohnnyMorganz/StyLua/releases/download/v2.4.1/stylua-linux-aarch64.zip"

[tools.stylua."platforms.linux-arm64-musl"]
checksum = "sha256:ce8363cf77fb88f31e5cd8fe4cd8a61ff63ac0483bc5e38a1e24c5a894f04035"
url = "https://github.com/JohnnyMorganz/StyLua/releases/download/v2.4.1/stylua-linux-aarch64.zip"

[tools.stylua."platforms.linux-x64"]
checksum = "sha256:cb9280d967a3f83e443b354a6497b562de4acc1daccf4456df0f7232653d3843"
url = "https://github.com/JohnnyMorganz/StyLua/releases/download/v2.4.1/stylua-linux-x86_64-musl.zip"

[tools.stylua."platforms.linux-x64-musl"]
checksum = "sha256:cb9280d967a3f83e443b354a6497b562de4acc1daccf4456df0f7232653d3843"
url = "https://github.com/JohnnyMorganz/StyLua/releases/download/v2.4.1/stylua-linux-x86_64-musl.zip"

[tools.stylua."platforms.macos-arm64"]
checksum = "sha256:c1680c337c8d799b4226a10e8ac6744606fd00b01eb3046120b5226e31306809"
url = "https://github.com/JohnnyMorganz/StyLua/releases/download/v2.4.1/stylua-macos-aarch64.zip"

[tools.stylua."platforms.macos-x64"]
checksum = "sha256:985dc2c791ef5f0bfbaea99f18b01322613f5c6985979a8346c346a341043331"
url = "https://github.com/JohnnyMorganz/StyLua/releases/download/v2.4.1/stylua-macos-x86_64.zip"

[tools.stylua."platforms.windows-x64"]
checksum = "sha256:9b1627b6034aa7ea0ce80485d2a07e777447548839a40acda6e30824a2bba07a"
url = "https://github.com/JohnnyMorganz/StyLua/releases/download/v2.4.1/stylua-windows-x86_64.zip"
